
Microsoft Visual Studio Solution File, Format Version 12.00
# Visual Studio Version 16
VisualStudioVersion = 16.0.31702.278
MinimumVisualStudioVersion = 10.0.40219.1
Project("{FAE04EC0-301F-11D3-BF4B-00C04F79EFBC}") = "DatabaseCw", "DatabaseCw.csproj", "{2D0F7DE3-4C0B-48D0-B6B0-CFC7CE84D670}"
EndProject
Global
	GlobalSection(SolutionConfigurationPlatforms) = preSolution
		Debug|Any CPU = Debug|Any CPU
		Release|Any CPU = Release|Any CPU
	EndGlobalSection
	GlobalSection(ProjectConfigurationPlatforms) = postSolution
		{2D0F7DE3-4C0B-48D0-B6B0-CFC7CE84D670}.Debug|Any CPU.ActiveCfg = Debug|Any CPU
		{2D0F7DE3-4C0B-48D0-B6B0-CFC7CE84D670}.Debug|Any CPU.Build.0 = Debug|Any CPU
		{2D0F7DE3-4C0B-48D0-B6B0-CFC7CE84D670}.Release|Any CPU.ActiveCfg = Release|Any CPU
		{2D0F7DE3-4C0B-48D0-B6B0-CFC7CE84D670}.Release|Any CPU.Build.0 = Release|Any CPU
	EndGlobalSection
	GlobalSection(SolutionProperties) = preSolution
		HideSolutionNode = FALSE
	EndGlobalSection
	GlobalSection(ExtensibilityGlobals) = postSolution
		SolutionGuid = {0CCD7EE7-D4BA-4FD4-A228-5694F9F450AD}
	EndGlobalSection
EndGlobal
